
Microsoft Visual Studio Solution File, Format Version 12.00
# Visual Studio Version 16
VisualStudioVersion = 16.0.31702.278
MinimumVisualStudioVersion = 10.0.40219.1
Project("{FAE04EC0-301F-11D3-BF4B-00C04F79EFBC}") = "TechnicalHomework4-RoncyJoseph", "TechnicalHomework4-RoncyJoseph\TechnicalHomework4-RoncyJoseph.csproj", "{AB382483-3F07-4C9E-BEE3-F884FFC3238B}"
EndProject
Global
	GlobalSection(SolutionConfigurationPlatforms) = preSolution
		Debug|Any CPU = Debug|Any CPU
		Release|Any CPU = Release|Any CPU
	EndGlobalSection
	GlobalSection(ProjectConfigurationPlatforms) = postSolution
		{AB382483-3F07-4C9E-BEE3-F884FFC3238B}.Debug|Any CPU.ActiveCfg = Debug|Any CPU
		{AB382483-3F07-4C9E-BEE3-F884FFC3238B}.Debug|Any CPU.Build.0 = Debug|Any CPU
		{AB382483-3F07-4C9E-BEE3-F884FFC3238B}.Release|Any CPU.ActiveCfg = Release|Any CPU
		{AB382483-3F07-4C9E-BEE3-F884FFC3238B}.Release|Any CPU.Build.0 = Release|Any CPU
	EndGlobalSection
	GlobalSection(SolutionProperties) = preSolution
		HideSolutionNode = FALSE
	EndGlobalSection
	GlobalSection(ExtensibilityGlobals) = postSolution
		SolutionGuid = {5A70F69A-15A7-4357-A2BB-081E6C37507A}
	EndGlobalSection
EndGlobal
